
Microsoft Visual Studio Solution File, Format Version 12.00
# Visual Studio Version 17
VisualStudioVersion = 17.8.34330.188
MinimumVisualStudioVersion = 10.0.40219.1
Project("{FAE04EC0-301F-11D3-BF4B-00C04F79EFBC}") = "Api", "Api\Api.csproj", "{A08D5581-A298-4517-8FA2-542E513DC9F6}"
EndProject
Global
	GlobalSection(SolutionConfigurationPlatforms) = preSolution
		Debug|Any CPU = Debug|Any CPU
		Release|Any CPU = Release|Any CPU
	EndGlobalSection
	GlobalSection(ProjectConfigurationPlatforms) = postSolution
		{A08D5581-A298-4517-8FA2-542E513DC9F6}.Debug|Any CPU.ActiveCfg = Debug|Any CPU
		{A08D5581-A298-4517-8FA2-542E513DC9F6}.Debug|Any CPU.Build.0 = Debug|Any CPU
		{A08D5581-A298-4517-8FA2-542E513DC9F6}.Release|Any CPU.ActiveCfg = Release|Any CPU
		{A08D5581-A298-4517-8FA2-542E513DC9F6}.Release|Any CPU.Build.0 = Release|Any CPU
	EndGlobalSection
	GlobalSection(SolutionProperties) = preSolution
		HideSolutionNode = FALSE
	EndGlobalSection
	GlobalSection(ExtensibilityGlobals) = postSolution
		SolutionGuid = {9370BA4F-D5EA-4AD2-A571-206989EE5CBE}
	EndGlobalSection
EndGlobal
